
Microsoft Visual Studio Solution File, Format Version 12.00
# Visual Studio Version 17
VisualStudioVersion = 17.1.32407.343
MinimumVisualStudioVersion = 10.0.40219.1
Project("{FAE04EC0-301F-11D3-BF4B-00C04F79EFBC}") = "RESTAURANT_MIS", "RESTAURANT_MIS.csproj", "{57B057D3-6C85-4EF8-A234-52A0CB3BC826}"
EndProject
Global
	GlobalSection(SolutionConfigurationPlatforms) = preSolution
		Debug|Any CPU = Debug|Any CPU
		Release|Any CPU = Release|Any CPU
	EndGlobalSection
	GlobalSection(ProjectConfigurationPlatforms) = postSolution
		{57B057D3-6C85-4EF8-A234-52A0CB3BC826}.Debug|Any CPU.ActiveCfg = Debug|Any CPU
		{57B057D3-6C85-4EF8-A234-52A0CB3BC826}.Debug|Any CPU.Build.0 = Debug|Any CPU
		{57B057D3-6C85-4EF8-A234-52A0CB3BC826}.Release|Any CPU.ActiveCfg = Release|Any CPU
		{57B057D3-6C85-4EF8-A234-52A0CB3BC826}.Release|Any CPU.Build.0 = Release|Any CPU
	EndGlobalSection
	GlobalSection(SolutionProperties) = preSolution
		HideSolutionNode = FALSE
	EndGlobalSection
	GlobalSection(ExtensibilityGlobals) = postSolution
		SolutionGuid = {A1C2B292-1E46-4011-89F5-A44F13373698}
	EndGlobalSection
EndGlobal
